{
  "requires": true,
  "lockfileVersion": 1,
  "dependencies": {
    "go-cross-ci-demo": {
      "version": "0.0.5",
      "resolved": "https://registry.npmjs.org/go-cross-ci-demo/-/go-cross-ci-demo-0.0.5.tgz",
      "integrity": "sha512-AnPfHYaptPKstr7MdwZ03ZVwlWWhnyFw0qcqsYTgl8CjCFZuguNwb2OUv42Xy+zAMtIPDbbC3oDw2y8sSmc2/Q=="
    }
  }
}
